
Microsoft Visual Studio Solution File, Format Version 12.00
# Visual Studio Version 16
VisualStudioVersion = 16.0.32802.440
MinimumVisualStudioVersion = 10.0.40219.1
Project("{FAE04EC0-301F-11D3-BF4B-00C04F79EFBC}") = "NeironFirst", "NeironFirst\NeironFirst.csproj", "{A20A4E29-5A41-4369-82C6-A6B22C3F1097}"
EndProject
Global
	GlobalSection(SolutionConfigurationPlatforms) = preSolution
		Debug|Any CPU = Debug|Any CPU
		Release|Any CPU = Release|Any CPU
	EndGlobalSection
	GlobalSection(ProjectConfigurationPlatforms) = postSolution
		{A20A4E29-5A41-4369-82C6-A6B22C3F1097}.Debug|Any CPU.ActiveCfg = Debug|Any CPU
		{A20A4E29-5A41-4369-82C6-A6B22C3F1097}.Debug|Any CPU.Build.0 = Debug|Any CPU
		{A20A4E29-5A41-4369-82C6-A6B22C3F1097}.Release|Any CPU.ActiveCfg = Release|Any CPU
		{A20A4E29-5A41-4369-82C6-A6B22C3F1097}.Release|Any CPU.Build.0 = Release|Any CPU
	EndGlobalSection
	GlobalSection(SolutionProperties) = preSolution
		HideSolutionNode = FALSE
	EndGlobalSection
	GlobalSection(ExtensibilityGlobals) = postSolution
		SolutionGuid = {767C4BE5-DE41-407C-8446-69C63F9ADACC}
	EndGlobalSection
EndGlobal
